
Microsoft Visual Studio Solution File, Format Version 12.00
# Visual Studio Version 16
VisualStudioVersion = 16.0.31205.134
MinimumVisualStudioVersion = 10.0.40219.1
Project("{9A19103F-16F7-4668-BE54-9A1E7A4F7556}") = "AuthenticationModule", "AuthenticationModule\AuthenticationModule.csproj", "{966F777B-CD40-4535-96DF-194BEF130855}"
EndProject
Project("{9A19103F-16F7-4668-BE54-9A1E7A4F7556}") = "TestAuthenticationModule", "TestAuthenticationModule\TestAuthenticationModule.csproj", "{B42C72FC-2751-40F1-B650-3CA3C4DBCB58}"
EndProject
Global
	GlobalSection(SolutionConfigurationPlatforms) = preSolution
		Debug|Any CPU = Debug|Any CPU
		Release|Any CPU = Release|Any CPU
	EndGlobalSection
	GlobalSection(ProjectConfigurationPlatforms) = postSolution
		{966F777B-CD40-4535-96DF-194BEF130855}.Debug|Any CPU.ActiveCfg = Debug|Any CPU
		{966F777B-CD40-4535-96DF-194BEF130855}.Debug|Any CPU.Build.0 = Debug|Any CPU
		{966F777B-CD40-4535-96DF-194BEF130855}.Release|Any CPU.ActiveCfg = Release|Any CPU
		{966F777B-CD40-4535-96DF-194BEF130855}.Release|Any CPU.Build.0 = Release|Any CPU
		{B42C72FC-2751-40F1-B650-3CA3C4DBCB58}.Debug|Any CPU.ActiveCfg = Debug|Any CPU
		{B42C72FC-2751-40F1-B650-3CA3C4DBCB58}.Debug|Any CPU.Build.0 = Debug|Any CPU
		{B42C72FC-2751-40F1-B650-3CA3C4DBCB58}.Release|Any CPU.ActiveCfg = Release|Any CPU
		{B42C72FC-2751-40F1-B650-3CA3C4DBCB58}.Release|Any CPU.Build.0 = Release|Any CPU
	EndGlobalSection
	GlobalSection(SolutionProperties) = preSolution
		HideSolutionNode = FALSE
	EndGlobalSection
	GlobalSection(ExtensibilityGlobals) = postSolution
		SolutionGuid = {01E4A71A-53BA-4624-B7D4-74CBD7C2413A}
	EndGlobalSection
EndGlobal
